
Microsoft Visual Studio Solution File, Format Version 12.00
# Visual Studio 15
VisualStudioVersion = 15.0.27130.2026
MinimumVisualStudioVersion = 10.0.40219.1
Project("{8BC9CEB8-8B4A-11D0-8D11-00A0C91BC942}") = "Permute_text", "Permute_text\Permute_text.vcxproj", "{469A94CA-1BB7-4A12-9078-558DEB9F9D2A}"
EndProject
Global
	GlobalSection(SolutionConfigurationPlatforms) = preSolution
		Debug|x64 = Debug|x64
		Debug|x86 = Debug|x86
		Release|x64 = Release|x64
		Release|x86 = Release|x86
	EndGlobalSection
	GlobalSection(ProjectConfigurationPlatforms) = postSolution
		{469A94CA-1BB7-4A12-9078-558DEB9F9D2A}.Debug|x64.ActiveCfg = Debug|x64
		{469A94CA-1BB7-4A12-9078-558DEB9F9D2A}.Debug|x64.Build.0 = Debug|x64
		{469A94CA-1BB7-4A12-9078-558DEB9F9D2A}.Debug|x86.ActiveCfg = Debug|Win32
		{469A94CA-1BB7-4A12-9078-558DEB9F9D2A}.Debug|x86.Build.0 = Debug|Win32
		{469A94CA-1BB7-4A12-9078-558DEB9F9D2A}.Release|x64.ActiveCfg = Release|x64
		{469A94CA-1BB7-4A12-9078-558DEB9F9D2A}.Release|x64.Build.0 = Release|x64
		{469A94CA-1BB7-4A12-9078-558DEB9F9D2A}.Release|x86.ActiveCfg = Release|Win32
		{469A94CA-1BB7-4A12-9078-558DEB9F9D2A}.Release|x86.Build.0 = Release|Win32
	EndGlobalSection
	GlobalSection(SolutionProperties) = preSolution
		HideSolutionNode = FALSE
	EndGlobalSection
	GlobalSection(ExtensibilityGlobals) = postSolution
		SolutionGuid = {2C9CC3BF-2F92-4BE8-9C7F-582CA53EF565}
	EndGlobalSection
EndGlobal
